
Microsoft Visual Studio Solution File, Format Version 12.00
# Visual Studio Version 16
VisualStudioVersion = 16.0.31005.135
MinimumVisualStudioVersion = 10.0.40219.1
Project("{FAE04EC0-301F-11D3-BF4B-00C04F79EFBC}") = "MySQLPractica", "MySQLPractica\MySQLPractica.csproj", "{041A056A-7F6A-4FB9-AECA-E6489A5DD1BC}"
EndProject
Global
	GlobalSection(SolutionConfigurationPlatforms) = preSolution
		Debug|Any CPU = Debug|Any CPU
		Release|Any CPU = Release|Any CPU
	EndGlobalSection
	GlobalSection(ProjectConfigurationPlatforms) = postSolution
		{041A056A-7F6A-4FB9-AECA-E6489A5DD1BC}.Debug|Any CPU.ActiveCfg = Debug|Any CPU
		{041A056A-7F6A-4FB9-AECA-E6489A5DD1BC}.Debug|Any CPU.Build.0 = Debug|Any CPU
		{041A056A-7F6A-4FB9-AECA-E6489A5DD1BC}.Release|Any CPU.ActiveCfg = Release|Any CPU
		{041A056A-7F6A-4FB9-AECA-E6489A5DD1BC}.Release|Any CPU.Build.0 = Release|Any CPU
	EndGlobalSection
	GlobalSection(SolutionProperties) = preSolution
		HideSolutionNode = FALSE
	EndGlobalSection
	GlobalSection(ExtensibilityGlobals) = postSolution
		SolutionGuid = {7DDC45A3-E780-4E34-B16A-68ED24D08AF4}
	EndGlobalSection
EndGlobal
